{
  "name": "BooksList",
  "version": "0.0.1",
  "lockfileVersion": 1,
  "requires": true,
  "dependencies": {
    "eslint-config-casumo": {
      "version": "1.3.0",
      "resolved": "https://registry.npmjs.org/eslint-config-casumo/-/eslint-config-casumo-1.3.0.tgz",
      "integrity": "sha1-GEnMHEolYt+QM4a61u4mh+3A97U=",
      "dev": true
    }
  }
}
